github.com/aaronland/go-http-rewrite v1.0.1 h1:BWUlr88wN+jQJUGFd5sSl5fysxHlLYN0FB330pRRP+Q=
github.com/aaronland/go-http-rewrite v1.0.1/go.mod h1:DVpymWnsPZI9P2cmgs6lz2cWiUltfDJ6UNOwuvSXyF0=
github.com/aaronland/go-http-static v0.0.2 h1:bZd0yA3HyNyAi7c+HqXoHnNPi4dzyjXHxXPGLcxzQiE=
github.com/aaronland/go-http-static v0.0.2/go.mod h1:EjI6EhoO2bD96gOPVipla9uokf60MX9UkX0bhiTd5Vo=
github.com/dominikbraun/graph v0.16.0 h1:M8B6g/uVYHQ2TG+AdbRtyXg7/ASHZCihzzkttFUHidA=
github.com/dominikbraun/graph v0.16.0/go.mod h1:yOjYyogZLY1LSG9E33JWZJiq5k83Qy2C6POAuiViluc=
github.com/sfomuseum/go-http-wasm v1.1.0 h1:J8mTCpZo8P6HUjyM5VqlL+8AYuohF/b6J+JNHi6Vho8=
github.com/sfomuseum/go-http-wasm v1.1.0/go.mod h1:njFA3D6WDdiawJKKvOtymMwkh4lYLsZ9X9SBuB7ldJg=
github.com/whosonfirst/go-whosonfirst-placetypes v0.6.0 h1:O0GApVzyGB1vrSWf+v8J3SfUHPOjK0Ic5anL6m90y5Y=
github.com/whosonfirst/go-whosonfirst-placetypes v0.6.0/go.mod h1:JSapxWcL8Zu64GRiaMJrYkdFX8z6KVNx/RsJ8aBKv7A=
golang.org/x/net v0.0.0-20220425223048-2871e0cb64e4 h1:HVyaeDAYux4pnY+D/SiwmLOR36ewZ4iGQIIrtnuCjFA=
golang.org/x/net v0.0.0-20220425223048-2871e0cb64e4/go.mod h1:CfG3xpIq0wQ8r1q4Su4UZFWDARRcnwPjda9FqA0JpMk=
